{
  "nodes": {
    "agenix": {
      "inputs": {
        "nixpkgs": [
          "nixpkgs"
        ]
      },
      "locked": {
        "lastModified": 1662241716,
        "narHash": "sha256-urqPvSvvGUhkwzTDxUI8N1nsdMysbAfjmBNZaTYBZRU=",
        "owner": "ryantm",
        "repo": "agenix",
        "rev": "c96da5835b76d3d8e8d99a0fec6fe32f8539ee2e",
        "type": "github"
      },
      "original": {
        "owner": "ryantm",
        "repo": "agenix",
        "type": "github"
      }
    },
    "blobs": {
      "flake": false,
      "locked": {
        "lastModified": 1604995301,
        "narHash": "sha256-wcLzgLec6SGJA8fx1OEN1yV/Py5b+U5iyYpksUY/yLw=",
        "owner": "simple-nixos-mailserver",
        "repo": "blobs",
        "rev": "2cccdf1ca48316f2cfd1c9a0017e8de5a7156265",
        "type": "gitlab"
      },
      "original": {
        "owner": "simple-nixos-mailserver",
        "repo": "blobs",
        "type": "gitlab"
      }
    },
    "cachix": {
      "locked": {
        "lastModified": 1659446231,
        "narHash": "sha256-hekabNdTdgR/iLsgce5TGWmfIDZ86qjPhxDg/8TlzhE=",
        "owner": "nixos",
        "repo": "nixpkgs",
        "rev": "eabc38219184cc3e04a974fe31857d8e0eac098d",
        "type": "github"
      },
      "original": {
        "owner": "nixos",
        "ref": "nixos-21.11",
        "repo": "nixpkgs",
        "type": "github"
      }
    },
    "emacs-overlay": {
      "inputs": {
        "flake-utils": "flake-utils",
        "nixpkgs": [
          "nixpkgs"
        ]
      },
      "locked": {
        "lastModified": 1663156788,
        "narHash": "sha256-Z+KgxF/ZqANBToRi/wJVHM/+bEiNtnyCPusCYcKeuTU=",
        "owner": "nix-community",
        "repo": "emacs-overlay",
        "rev": "a28218ac1fff0e9e4cd9bad9b5ad54dbdea964ad",
        "type": "github"
      },
      "original": {
        "id": "emacs-overlay",
        "type": "indirect"
      }
    },
    "flake-compat": {
      "flake": false,
      "locked": {
        "lastModified": 1650374568,
        "narHash": "sha256-Z+s0J8/r907g149rllvwhb4pKi8Wam5ij0st8PwAh+E=",
        "owner": "edolstra",
        "repo": "flake-compat",
        "rev": "b4a34015c698c7793d592d66adbab377907a2be8",
        "type": "github"
      },
      "original": {
        "owner": "edolstra",
        "repo": "flake-compat",
        "type": "github"
      }
    },
    "flake-utils": {
      "locked": {
        "lastModified": 1659877975,
        "narHash": "sha256-zllb8aq3YO3h8B/U0/J1WBgAL8EX5yWf5pMj3G0NAmc=",
        "owner": "numtide",
        "repo": "flake-utils",
        "rev": "c0e246b9b83f637f4681389ecabcb2681b4f3af0",
        "type": "github"
      },
      "original": {
        "owner": "numtide",
        "repo": "flake-utils",
        "type": "github"
      }
    },
    "flake-utils_2": {
      "locked": {
        "lastModified": 1659877975,
        "narHash": "sha256-zllb8aq3YO3h8B/U0/J1WBgAL8EX5yWf5pMj3G0NAmc=",
        "owner": "numtide",
        "repo": "flake-utils",
        "rev": "c0e246b9b83f637f4681389ecabcb2681b4f3af0",
        "type": "github"
      },
      "original": {
        "owner": "numtide",
        "repo": "flake-utils",
        "type": "github"
      }
    },
    "home-manager": {
      "inputs": {
        "nixpkgs": [
          "nixpkgs"
        ],
        "utils": "utils"
      },
      "locked": {
        "lastModified": 1663099612,
        "narHash": "sha256-ucokjFDRwCFWbcGiqxz0mfHv82UqwyW7RXY6ZgKSl80=",
        "owner": "nix-community",
        "repo": "home-manager",
        "rev": "60c6bfe322944d04bb38e76b64effcbd01258824",
        "type": "github"
      },
      "original": {
        "id": "home-manager",
        "type": "indirect"
      }
    },
    "lib-aggregate": {
      "inputs": {
        "flake-utils": "flake-utils_2",
        "nixpkgs-lib": "nixpkgs-lib"
      },
      "locked": {
        "lastModified": 1662898238,
        "narHash": "sha256-HXBObJiPUC9xfOtQ/7VQNq90jCBvED4+C3AidBDahW0=",
        "owner": "nix-community",
        "repo": "lib-aggregate",
        "rev": "b46e404ec92559c01dd751ce4f26d5cc2be568ea",
        "type": "github"
      },
      "original": {
        "owner": "nix-community",
        "repo": "lib-aggregate",
        "type": "github"
      }
    },
    "nixos-hardware": {
      "locked": {
        "lastModified": 1663133271,
        "narHash": "sha256-juBxlETvfMetD/pUFLtdDLQ8BOayxROra8d5Hg6Zg1M=",
        "owner": "NixOS",
        "repo": "nixos-hardware",
        "rev": "93580fca1000c37e382d7e2c19c78c1c3852482d",
        "type": "github"
      },
      "original": {
        "id": "nixos-hardware",
        "type": "indirect"
      }
    },
    "nixos-mailserver": {
      "inputs": {
        "blobs": "blobs",
        "nixpkgs": [
          "nixpkgs"
        ],
        "nixpkgs-22_05": "nixpkgs-22_05",
        "utils": "utils_2"
      },
      "locked": {
        "lastModified": 1658267644,
        "narHash": "sha256-NJRe1rnlF112eZwxNASlRL8/ghwD8g+lpHIYRkWQxC8=",
        "owner": "simple-nixos-mailserver",
        "repo": "nixos-mailserver",
        "rev": "004c229ca44c069d93c92abf67ff1619fb508c6a",
        "type": "gitlab"
      },
      "original": {
        "owner": "simple-nixos-mailserver",
        "repo": "nixos-mailserver",
        "type": "gitlab"
      }
    },
    "nixpkgs": {
      "locked": {
        "lastModified": 1662996720,
        "narHash": "sha256-XvLQ3SuXnDMJMpM1sv1ifPjBuRytiDYhB12H/BNTjgY=",
        "owner": "nixos",
        "repo": "nixpkgs",
        "rev": "5f326e2a403e1cebaec378e72ceaf5725983376d",
        "type": "github"
      },
      "original": {
        "owner": "nixos",
        "ref": "nixos-unstable",
        "repo": "nixpkgs",
        "type": "github"
      }
    },
    "nixpkgs-22_05": {
      "locked": {
        "lastModified": 1654936503,
        "narHash": "sha256-soKzdhI4jTHv/rSbh89RdlcJmrPgH8oMb/PLqiqIYVQ=",
        "owner": "NixOS",
        "repo": "nixpkgs",
        "rev": "dab6df51387c3878cdea09f43589a15729cae9f4",
        "type": "github"
      },
      "original": {
        "id": "nixpkgs",
        "ref": "nixos-22.05",
        "type": "indirect"
      }
    },
    "nixpkgs-lib": {
      "locked": {
        "lastModified": 1662858143,
        "narHash": "sha256-I/1BGOLo2C0gH4PDnUitqJ10oz7pk1PK+wtboTclZvM=",
        "owner": "nix-community",
        "repo": "nixpkgs.lib",
        "rev": "08ace8d434f46a2314366f0a220d2df642ed6a99",
        "type": "github"
      },
      "original": {
        "owner": "nix-community",
        "repo": "nixpkgs.lib",
        "type": "github"
      }
    },
    "nixpkgs-mozilla": {
      "locked": {
        "lastModified": 1657214286,
        "narHash": "sha256-rO/4oymKXU09wG2bcTt4uthPCp1XsBZjxuCJo3yVXNs=",
        "owner": "mozilla",
        "repo": "nixpkgs-mozilla",
        "rev": "0508a66e28a5792fdfb126bbf4dec1029c2509e0",
        "type": "github"
      },
      "original": {
        "owner": "mozilla",
        "repo": "nixpkgs-mozilla",
        "type": "github"
      }
    },
    "nixpkgs-stable": {
      "locked": {
        "lastModified": 1659914493,
        "narHash": "sha256-lkA5X3VNMKirvA+SUzvEhfA7XquWLci+CGi505YFAIs=",
        "owner": "nixos",
        "repo": "nixpkgs",
        "rev": "022caabb5f2265ad4006c1fa5b1ebe69fb0c3faf",
        "type": "github"
      },
      "original": {
        "owner": "nixos",
        "ref": "nixos-21.05",
        "repo": "nixpkgs",
        "type": "github"
      }
    },
    "nixpkgs-wayland": {
      "inputs": {
        "cachix": "cachix",
        "flake-compat": "flake-compat",
        "lib-aggregate": "lib-aggregate",
        "nixpkgs": [
          "nixpkgs"
        ]
      },
      "locked": {
        "lastModified": 1663143742,
        "narHash": "sha256-jDwtbz+eFVnsveW6V2xshajwD5w5ZDV0jWJcMCYoMuE=",
        "owner": "nix-community",
        "repo": "nixpkgs-wayland",
        "rev": "e03f1cb970b6eb180e72dc7982f702b5af404e4b",
        "type": "github"
      },
      "original": {
        "owner": "nix-community",
        "repo": "nixpkgs-wayland",
        "type": "github"
      }
    },
    "root": {
      "inputs": {
        "agenix": "agenix",
        "emacs-overlay": "emacs-overlay",
        "home-manager": "home-manager",
        "nixos-hardware": "nixos-hardware",
        "nixos-mailserver": "nixos-mailserver",
        "nixpkgs": "nixpkgs",
        "nixpkgs-mozilla": "nixpkgs-mozilla",
        "nixpkgs-stable": "nixpkgs-stable",
        "nixpkgs-wayland": "nixpkgs-wayland"
      }
    },
    "utils": {
      "locked": {
        "lastModified": 1653893745,
        "narHash": "sha256-0jntwV3Z8//YwuOjzhV2sgJJPt+HY6KhU7VZUL0fKZQ=",
        "owner": "numtide",
        "repo": "flake-utils",
        "rev": "1ed9fb1935d260de5fe1c2f7ee0ebaae17ed2fa1",
        "type": "github"
      },
      "original": {
        "owner": "numtide",
        "repo": "flake-utils",
        "type": "github"
      }
    },
    "utils_2": {
      "locked": {
        "lastModified": 1605370193,
        "narHash": "sha256-YyMTf3URDL/otKdKgtoMChu4vfVL3vCMkRqpGifhUn0=",
        "owner": "numtide",
        "repo": "flake-utils",
        "rev": "5021eac20303a61fafe17224c087f5519baed54d",
        "type": "github"
      },
      "original": {
        "owner": "numtide",
        "repo": "flake-utils",
        "type": "github"
      }
    }
  },
  "root": "root",
  "version": 7
}
